
Microsoft Visual Studio Solution File, Format Version 12.00
# Visual Studio Version 17
VisualStudioVersion = 17.5.33414.496
MinimumVisualStudioVersion = 10.0.40219.1
Project("{FAE04EC0-301F-11D3-BF4B-00C04F79EFBC}") = "CLI", "CLI\CLI.csproj", "{9A23CC45-0B64-4A69-9390-AB38511B5AA5}"
EndProject
Project("{FAE04EC0-301F-11D3-BF4B-00C04F79EFBC}") = "SOLIDLibrary", "SOLIDLibrary\SOLIDLibrary.csproj", "{E0A8AAC8-63A7-443A-98C9-E6216CA2DAA2}"
EndProject
Global
	GlobalSection(SolutionConfigurationPlatforms) = preSolution
		Debug|Any CPU = Debug|Any CPU
		Release|Any CPU = Release|Any CPU
	EndGlobalSection
	GlobalSection(ProjectConfigurationPlatforms) = postSolution
		{9A23CC45-0B64-4A69-9390-AB38511B5AA5}.Debug|Any CPU.ActiveCfg = Debug|Any CPU
		{9A23CC45-0B64-4A69-9390-AB38511B5AA5}.Debug|Any CPU.Build.0 = Debug|Any CPU
		{9A23CC45-0B64-4A69-9390-AB38511B5AA5}.Release|Any CPU.ActiveCfg = Release|Any CPU
		{9A23CC45-0B64-4A69-9390-AB38511B5AA5}.Release|Any CPU.Build.0 = Release|Any CPU
		{E0A8AAC8-63A7-443A-98C9-E6216CA2DAA2}.Debug|Any CPU.ActiveCfg = Debug|Any CPU
		{E0A8AAC8-63A7-443A-98C9-E6216CA2DAA2}.Debug|Any CPU.Build.0 = Debug|Any CPU
		{E0A8AAC8-63A7-443A-98C9-E6216CA2DAA2}.Release|Any CPU.ActiveCfg = Release|Any CPU
		{E0A8AAC8-63A7-443A-98C9-E6216CA2DAA2}.Release|Any CPU.Build.0 = Release|Any CPU
	EndGlobalSection
	GlobalSection(SolutionProperties) = preSolution
		HideSolutionNode = FALSE
	EndGlobalSection
	GlobalSection(ExtensibilityGlobals) = postSolution
		SolutionGuid = {E12576EA-A7BE-44E5-B8A6-44E4468676E9}
	EndGlobalSection
EndGlobal
